
Microsoft Visual Studio Solution File, Format Version 12.00
# Visual Studio Version 16
VisualStudioVersion = 25.0.1705.0
MinimumVisualStudioVersion = 10.0.40219.1
Project("{FAE04EC0-301F-11D3-BF4B-00C04F79EFBC}") = "TP_MOD8_1302210017", "TP_MOD8_1302210017\TP_MOD8_1302210017.csproj", "{9E8C867A-66DA-4054-8306-F8053948A23A}"
EndProject
Global
	GlobalSection(SolutionConfigurationPlatforms) = preSolution
		Debug|Any CPU = Debug|Any CPU
		Release|Any CPU = Release|Any CPU
	EndGlobalSection
	GlobalSection(ProjectConfigurationPlatforms) = postSolution
		{9E8C867A-66DA-4054-8306-F8053948A23A}.Debug|Any CPU.ActiveCfg = Debug|Any CPU
		{9E8C867A-66DA-4054-8306-F8053948A23A}.Debug|Any CPU.Build.0 = Debug|Any CPU
		{9E8C867A-66DA-4054-8306-F8053948A23A}.Release|Any CPU.ActiveCfg = Release|Any CPU
		{9E8C867A-66DA-4054-8306-F8053948A23A}.Release|Any CPU.Build.0 = Release|Any CPU
	EndGlobalSection
	GlobalSection(SolutionProperties) = preSolution
		HideSolutionNode = FALSE
	EndGlobalSection
	GlobalSection(ExtensibilityGlobals) = postSolution
		SolutionGuid = {C28F4D06-FC28-4E21-936B-A30BF933AD80}
	EndGlobalSection
EndGlobal
